
Microsoft Visual Studio Solution File, Format Version 12.00
# Visual Studio 15
Project("{FAE04EC0-301F-11D3-BF4B-00C04F79EFBC}") = "Assembly-CSharp", "Assembly-CSharp.csproj", "{E1CE1FEE-67BE-6533-73AA-CC578BE80DCD}"
EndProject
Project("{FAE04EC0-301F-11D3-BF4B-00C04F79EFBC}") = "uWindowCapture.Runtime", "uWindowCapture.Runtime.csproj", "{9E37C51B-0816-AF11-6606-31D28042459C}"
EndProject
Project("{FAE04EC0-301F-11D3-BF4B-00C04F79EFBC}") = "uWindowCapture.Editor", "uWindowCapture.Editor.csproj", "{B497BE68-2AEF-3A64-73F8-E3B69C562A08}"
EndProject
Global
	GlobalSection(SolutionConfigurationPlatforms) = preSolution
		Debug|Any CPU = Debug|Any CPU
		Release|Any CPU = Release|Any CPU
	EndGlobalSection
	GlobalSection(ProjectConfigurationPlatforms) = postSolution
		{E1CE1FEE-67BE-6533-73AA-CC578BE80DCD}.Debug|Any CPU.ActiveCfg = Debug|Any CPU
		{E1CE1FEE-67BE-6533-73AA-CC578BE80DCD}.Debug|Any CPU.Build.0 = Debug|Any CPU
		{E1CE1FEE-67BE-6533-73AA-CC578BE80DCD}.Release|Any CPU.ActiveCfg = Release|Any CPU
		{E1CE1FEE-67BE-6533-73AA-CC578BE80DCD}.Release|Any CPU.Build.0 = Release|Any CPU
		{9E37C51B-0816-AF11-6606-31D28042459C}.Debug|Any CPU.ActiveCfg = Debug|Any CPU
		{9E37C51B-0816-AF11-6606-31D28042459C}.Debug|Any CPU.Build.0 = Debug|Any CPU
		{9E37C51B-0816-AF11-6606-31D28042459C}.Release|Any CPU.ActiveCfg = Release|Any CPU
		{9E37C51B-0816-AF11-6606-31D28042459C}.Release|Any CPU.Build.0 = Release|Any CPU
		{B497BE68-2AEF-3A64-73F8-E3B69C562A08}.Debug|Any CPU.ActiveCfg = Debug|Any CPU
		{B497BE68-2AEF-3A64-73F8-E3B69C562A08}.Debug|Any CPU.Build.0 = Debug|Any CPU
		{B497BE68-2AEF-3A64-73F8-E3B69C562A08}.Release|Any CPU.ActiveCfg = Release|Any CPU
		{B497BE68-2AEF-3A64-73F8-E3B69C562A08}.Release|Any CPU.Build.0 = Release|Any CPU
	EndGlobalSection
	GlobalSection(SolutionProperties) = preSolution
		HideSolutionNode = FALSE
	EndGlobalSection
EndGlobal
