
Microsoft Visual Studio Solution File, Format Version 12.00
# Visual Studio 15
Project("{FAE04EC0-301F-11D3-BF4B-00C04F79EFBC}") = "Assembly-CSharp", "Assembly-CSharp.csproj", "{06CFCCDF-6AEB-6FC5-4B7C-4561F99DEBB6}"
EndProject
Project("{FAE04EC0-301F-11D3-BF4B-00C04F79EFBC}") = "uWindowCapture.Runtime", "uWindowCapture.Runtime.csproj", "{29E2E8DA-0053-987D-42CD-BFA31005C2D5}"
EndProject
Project("{FAE04EC0-301F-11D3-BF4B-00C04F79EFBC}") = "uWindowCapture.Editor", "uWindowCapture.Editor.csproj", "{D7D36140-85E8-3D9E-DB6C-3BF0EA3D6EB2}"
EndProject
Global
	GlobalSection(SolutionConfigurationPlatforms) = preSolution
		Debug|Any CPU = Debug|Any CPU
		Release|Any CPU = Release|Any CPU
	EndGlobalSection
	GlobalSection(ProjectConfigurationPlatforms) = postSolution
		{06CFCCDF-6AEB-6FC5-4B7C-4561F99DEBB6}.Debug|Any CPU.ActiveCfg = Debug|Any CPU
		{06CFCCDF-6AEB-6FC5-4B7C-4561F99DEBB6}.Debug|Any CPU.Build.0 = Debug|Any CPU
		{06CFCCDF-6AEB-6FC5-4B7C-4561F99DEBB6}.Release|Any CPU.ActiveCfg = Release|Any CPU
		{06CFCCDF-6AEB-6FC5-4B7C-4561F99DEBB6}.Release|Any CPU.Build.0 = Release|Any CPU
		{29E2E8DA-0053-987D-42CD-BFA31005C2D5}.Debug|Any CPU.ActiveCfg = Debug|Any CPU
		{29E2E8DA-0053-987D-42CD-BFA31005C2D5}.Debug|Any CPU.Build.0 = Debug|Any CPU
		{29E2E8DA-0053-987D-42CD-BFA31005C2D5}.Release|Any CPU.ActiveCfg = Release|Any CPU
		{29E2E8DA-0053-987D-42CD-BFA31005C2D5}.Release|Any CPU.Build.0 = Release|Any CPU
		{D7D36140-85E8-3D9E-DB6C-3BF0EA3D6EB2}.Debug|Any CPU.ActiveCfg = Debug|Any CPU
		{D7D36140-85E8-3D9E-DB6C-3BF0EA3D6EB2}.Debug|Any CPU.Build.0 = Debug|Any CPU
		{D7D36140-85E8-3D9E-DB6C-3BF0EA3D6EB2}.Release|Any CPU.ActiveCfg = Release|Any CPU
		{D7D36140-85E8-3D9E-DB6C-3BF0EA3D6EB2}.Release|Any CPU.Build.0 = Release|Any CPU
	EndGlobalSection
	GlobalSection(SolutionProperties) = preSolution
		HideSolutionNode = FALSE
	EndGlobalSection
EndGlobal
